
Microsoft Visual Studio Solution File, Format Version 12.00
# Visual Studio 15
VisualStudioVersion = 15.0.27130.2027
MinimumVisualStudioVersion = 10.0.40219.1
Project("{FAE04EC0-301F-11D3-BF4B-00C04F79EFBC}") = "ARDUPANEL", "ARDUPANEL\ARDUPANEL.csproj", "{B478AE34-119E-4F7B-A5E0-E3A6985EF335}"
EndProject
Global
	GlobalSection(SolutionConfigurationPlatforms) = preSolution
		Debug|Any CPU = Debug|Any CPU
		Release|Any CPU = Release|Any CPU
	EndGlobalSection
	GlobalSection(ProjectConfigurationPlatforms) = postSolution
		{B478AE34-119E-4F7B-A5E0-E3A6985EF335}.Debug|Any CPU.ActiveCfg = Debug|Any CPU
		{B478AE34-119E-4F7B-A5E0-E3A6985EF335}.Debug|Any CPU.Build.0 = Debug|Any CPU
		{B478AE34-119E-4F7B-A5E0-E3A6985EF335}.Release|Any CPU.ActiveCfg = Release|Any CPU
		{B478AE34-119E-4F7B-A5E0-E3A6985EF335}.Release|Any CPU.Build.0 = Release|Any CPU
	EndGlobalSection
	GlobalSection(SolutionProperties) = preSolution
		HideSolutionNode = FALSE
	EndGlobalSection
	GlobalSection(ExtensibilityGlobals) = postSolution
		SolutionGuid = {9542281B-87E9-408E-B573-CE070E751DE2}
	EndGlobalSection
EndGlobal
